# THIS IS AN AUTOGENERATED FILE. DO NOT EDIT THIS FILE DIRECTLY.
# yarn lockfile v1


betterator@^2.0.2:
  version "2.0.2"
  resolved "https://registry.yarnpkg.com/betterator/-/betterator-2.0.2.tgz#5f8516f196b9b754479b00f9dab0502920ae090e"
  integrity sha512-PHsDCHTVKod+sorvn2mWTWYA+eV/5DzNs65Cs82K/s46RHlzSxjlihpXrMAUjR0SMDzSnSE8iTsi/uY9WmrSoA==
